
Microsoft Visual Studio Solution File, Format Version 12.00
# Visual Studio Version 17
VisualStudioVersion = 17.7.34031.279
MinimumVisualStudioVersion = 10.0.40219.1
Project("{FAE04EC0-301F-11D3-BF4B-00C04F79EFBC}") = "process-back", "process-back.csproj", "{6822BFEA-BA90-4D36-83C0-D497DCA2377C}"
EndProject
Global
	GlobalSection(SolutionConfigurationPlatforms) = preSolution
		Debug|Any CPU = Debug|Any CPU
		Release|Any CPU = Release|Any CPU
	EndGlobalSection
	GlobalSection(ProjectConfigurationPlatforms) = postSolution
		{6822BFEA-BA90-4D36-83C0-D497DCA2377C}.Debug|Any CPU.ActiveCfg = Debug|Any CPU
		{6822BFEA-BA90-4D36-83C0-D497DCA2377C}.Debug|Any CPU.Build.0 = Debug|Any CPU
		{6822BFEA-BA90-4D36-83C0-D497DCA2377C}.Release|Any CPU.ActiveCfg = Release|Any CPU
		{6822BFEA-BA90-4D36-83C0-D497DCA2377C}.Release|Any CPU.Build.0 = Release|Any CPU
	EndGlobalSection
	GlobalSection(SolutionProperties) = preSolution
		HideSolutionNode = FALSE
	EndGlobalSection
	GlobalSection(ExtensibilityGlobals) = postSolution
		SolutionGuid = {3D445DDC-CB81-4265-AD3D-A7C80CCE384C}
	EndGlobalSection
EndGlobal
