
Microsoft Visual Studio Solution File, Format Version 12.00
# Visual Studio Version 17
VisualStudioVersion = 17.7.34031.279
MinimumVisualStudioVersion = 10.0.40219.1
Project("{FAE04EC0-301F-11D3-BF4B-00C04F79EFBC}") = "process-back", "process-back.csproj", "{3D3401DD-2B18-419C-8C9F-D9A23C88772A}"
EndProject
Global
	GlobalSection(SolutionConfigurationPlatforms) = preSolution
		Debug|Any CPU = Debug|Any CPU
		Release|Any CPU = Release|Any CPU
	EndGlobalSection
	GlobalSection(ProjectConfigurationPlatforms) = postSolution
		{3D3401DD-2B18-419C-8C9F-D9A23C88772A}.Debug|Any CPU.ActiveCfg = Debug|Any CPU
		{3D3401DD-2B18-419C-8C9F-D9A23C88772A}.Debug|Any CPU.Build.0 = Debug|Any CPU
		{3D3401DD-2B18-419C-8C9F-D9A23C88772A}.Release|Any CPU.ActiveCfg = Release|Any CPU
		{3D3401DD-2B18-419C-8C9F-D9A23C88772A}.Release|Any CPU.Build.0 = Release|Any CPU
	EndGlobalSection
	GlobalSection(SolutionProperties) = preSolution
		HideSolutionNode = FALSE
	EndGlobalSection
	GlobalSection(ExtensibilityGlobals) = postSolution
		SolutionGuid = {60241226-6648-48B6-A74D-66B844ECF537}
	EndGlobalSection
EndGlobal
